github.com/boombuler/barcode v1.0.0/go.mod h1:paBWMcWSl3LHKBqUq+rly7CNSldXjb2rDl3JlRe0mD8=
github.com/davecgh/go-spew v1.1.0/go.mod h1:J7Y8YcW2NihsgmVo/mv3lAwl/skON4iLHjSsI+c5H38=
github.com/davecgh/go-spew v1.1.1 h1:vj9j/u1bqnvCEfJOwUhtlOARqs3+rkHYY13jYWTU97c=
github.com/davecgh/go-spew v1.1.1/go.mod h1:J7Y8YcW2NihsgmVo/mv3lAwl/skON4iLHjSsI+c5H38=
github.com/go-ozzo/ozzo-validation v3.6.0+incompatible h1:msy24VGS42fKO9K1vLz82/GeYW1cILu7Nuuj1N3BBkE=
github.com/go-ozzo/ozzo-validation v3.6.0+incompatible/go.mod h1:gsEKFIVnabGBt6mXmxK0MoFy+cZoTJY6mu5Ll3LVLBU=
github.com/golang/freetype v0.0.0-20170609003504-e2365dfdc4a0/go.mod h1:E/TSTwGwJL78qG/PmXZO1EjYhfJinVAhrmmHX6Z8B9k=
github.com/johnfercher/go-rrt v0.0.1 h1:GexCm07RT7H/OQ9uQ41TW4KLESfKaW7ZTj+alvufKbQ=
github.com/johnfercher/go-rrt v0.0.1/go.mod h1:ydn4BhEuPH36G4TFH+eC4vJkyvEltDQ3wNT5gcUR+2w=
github.com/johnfercher/go-rrt v0.0.2 h1:91cdc9t3J/02hv1X9gas0rTtbg/76PLtacwvIfTsW4I=
github.com/johnfercher/go-rrt v0.0.2/go.mod h1:ydn4BhEuPH36G4TFH+eC4vJkyvEltDQ3wNT5gcUR+2w=
github.com/johnfercher/go-rrt v0.0.3 h1:Bom32c+yron7tftkIyycqVCZIeApUzfTnIYqf1vPzyo=
github.com/johnfercher/go-rrt v0.0.3/go.mod h1:ydn4BhEuPH36G4TFH+eC4vJkyvEltDQ3wNT5gcUR+2w=
github.com/johnfercher/go-rrt v0.0.4 h1:+A5yCXUIhdby5GUD5e7QYPtxtDKMp0jopeRWQQ7g4WU=
github.com/johnfercher/go-rrt v0.0.4/go.mod h1:ydn4BhEuPH36G4TFH+eC4vJkyvEltDQ3wNT5gcUR+2w=
github.com/johnfercher/go-rrt v0.0.5 h1:K5Y2K+FUH36O+ofknyJdO5g/cIkFREX5MGbI1asTbfY=
github.com/johnfercher/go-rrt v0.0.5/go.mod h1:ydn4BhEuPH36G4TFH+eC4vJkyvEltDQ3wNT5gcUR+2w=
github.com/johnfercher/go-rrt v0.0.6 h1:wmrpyhAz9OCzk1LsYtLCNykvpk8Q4gd4n+puxbPL4fo=
github.com/johnfercher/go-rrt v0.0.6/go.mod h1:jbVgst2lbQ092HiCgRW44cBc2fTHR/mxEUHSsyWVb4s=
github.com/johnfercher/go-rrt v0.0.7 h1:Xi4ln75qYQB8Xi5I1JDMLbYBp0kJCpA4fJa5Q1pSXDA=
github.com/johnfercher/go-rrt v0.0.7/go.mod h1:jbVgst2lbQ092HiCgRW44cBc2fTHR/mxEUHSsyWVb4s=
github.com/johnfercher/go-tree v1.0.1 h1:cNBnEZqDAFB55DJmBKJ2cKtoehe7RJ0/mFLwXqMj1Ek=
github.com/johnfercher/go-tree v1.0.1/go.mod h1:DUO6QkXIFh1K7jeGBIkLCZaeUgnkdQAsB64FDSoHswg=
github.com/johnfercher/go-tree v1.0.2 h1:9dZVcUjTAOpjC1Qemuxtl/xJRJjRpc3GOLOc/BOTyo0=
github.com/johnfercher/go-tree v1.0.2/go.mod h1:DUO6QkXIFh1K7jeGBIkLCZaeUgnkdQAsB64FDSoHswg=
github.com/johnfercher/rrt v0.0.0-20230907191927-78907e826414 h1:HKL41wqG6HyhOo8j7bBoPPC1zG/Qiw+VuVMaQLJ5TE0=
github.com/johnfercher/rrt v0.0.0-20230907191927-78907e826414/go.mod h1:dW2pTxiSRZ3qcMo7zXKJFtfmBfKAHJaG51f/4cEwOYY=
github.com/johnfercher/talescoder v1.0.5 h1:lVXA03JZ/8KaFVDpoVcxb8l5zwdCqu0cXcwRRRhcJlo=
github.com/johnfercher/talescoder v1.0.5/go.mod h1:j5d18sXjxGbWfTJCyb7CsktquWskOKXwV4xE9kRVkhE=
github.com/johnfercher/tessadem-sdk v1.0.2 h1:t+t+oDbCQsOYaAvfPFZRA7KS9457XM8h7fPxlyAiZis=
github.com/johnfercher/tessadem-sdk v1.0.2/go.mod h1:SH8q6nFAIWkWKe0ak49dRpA+mExN3QmFzwnHAN4kr60=
github.com/jung-kurt/gofpdf v1.0.0/go.mod h1:7Id9E/uU8ce6rXgefFLlgrJj/GYY22cpxn+r32jIOes=
github.com/jung-kurt/gofpdf v1.16.2 h1:jgbatWHfRlPYiK85qgevsZTHviWXKwB1TTiKdz5PtRc=
github.com/jung-kurt/gofpdf v1.16.2/go.mod h1:1hl7y57EsiPAkLbOwzpzqgx1A30nQCk/YmFV8S2vmK0=
github.com/muesli/clusters v0.0.0-20180605185049-a07a36e67d36 h1:KMCH+/bbZsAbFgzCXD3aB0DRZXnwAO8NYDmfIfslo+M=
github.com/muesli/clusters v0.0.0-20180605185049-a07a36e67d36/go.mod h1:mw5KDqUj0eLj/6DUNINLVJNoPTFkEuGMHtJsXLviLkY=
github.com/muesli/kmeans v0.3.1 h1:KshLQ8wAETfLWOJKMuDCVYHnafddSa1kwGh/IypGIzY=
github.com/muesli/kmeans v0.3.1/go.mod h1:8/OvJW7cHc1BpRf8URb43m+vR105DDe+Kj1WcFXYDqc=
github.com/phpdave11/gofpdi v1.0.7/go.mod h1:vBmVV0Do6hSBHC8uKUQ71JGW+ZGQq74llk/7bXwjDoI=
github.com/pkg/errors v0.8.1/go.mod h1:bwawxfHBFNV+L2hUp1rHADufV3IMtnDRdf1r5NINEl0=
github.com/pmezard/go-difflib v1.0.0 h1:4DBwDE0NGyQoBHbLQYPwSUPoCMWR5BEzIk/f1lZbAQM=
github.com/pmezard/go-difflib v1.0.0/go.mod h1:iKH77koFhYxTK1pcRnkKkqfTogsbg7gZNVY4sRDYZ/4=
github.com/ruudk/golang-pdf417 v0.0.0-20181029194003-1af4ab5afa58/go.mod h1:6lfFZQK844Gfx8o5WFuvpxWRwnSoipWe/p622j1v06w=
github.com/stretchr/objx v0.1.0/go.mod h1:HFkY916IF+rwdDfMAkV7OtwuqBVzrE8GR6GFx+wExME=
github.com/stretchr/testify v1.2.2/go.mod h1:a8OnRcib4nhh0OaRAV+Yts87kKdq0PP7pXfy6kDkUVs=
github.com/stretchr/testify v1.3.0/go.mod h1:M5WIy9Dh21IEIfnGCwXGc5bZfKNJtfHm1UVUgZn+9EI=
github.com/stretchr/testify v1.8.4 h1:CcVxjf3Q8PM0mHUKJCdn+eZZtm5yQwehR5yeSVQQcUk=
github.com/stretchr/testify v1.8.4/go.mod h1:sz/lmYIOXD/1dqDmKjjqLyZ2RngseejIcXlSw2iwfAo=
github.com/wcharczuk/go-chart/v2 v2.1.0/go.mod h1:yx7MvAVNcP/kN9lKXM/NTce4au4DFN99j6i1OwDclNA=
go.uber.org/atomic v1.7.0 h1:ADUqmZGgLDDfbSL9ZmPxKTybcoEYHgpYfELNoN+7hsw=
go.uber.org/atomic v1.7.0/go.mod h1:fEN4uk6kAWBTFdckzkM89CLk9XfWZrxpCo0nPH17wJc=
go.uber.org/dig v1.17.0 h1:5Chju+tUvcC+N7N6EV08BJz41UZuO3BmHcN4A287ZLI=
go.uber.org/dig v1.17.0/go.mod h1:rTxpf7l5I0eBTlE6/9RL+lDybC7WFwY2QH55ZSjy1mU=
go.uber.org/fx v1.20.0 h1:ZMC/pnRvhsthOZh9MZjMq5U8Or3mA9zBSPaLnzs3ihQ=
go.uber.org/fx v1.20.0/go.mod h1:qCUj0btiR3/JnanEr1TYEePfSw6o/4qYJscgvzQ5Ub0=
go.uber.org/multierr v1.6.0 h1:y6IPFStTAIT5Ytl7/XYmHvzXQ7S3g/IeZW9hyZ5thw4=
go.uber.org/multierr v1.6.0/go.mod h1:cdWPpRnG4AhwMwsgIHip0KRBQjJy5kYEpYjJxpXp9iU=
go.uber.org/zap v1.23.0 h1:OjGQ5KQDEUawVHxNwQgPpiypGHOxo2mNZsOqTak4fFY=
go.uber.org/zap v1.23.0/go.mod h1:D+nX8jyLsMHMYrln8A0rJjFt/T/9/bGgIhAqxv5URuY=
golang.org/x/image v0.0.0-20190910094157-69e4b8554b2a/go.mod h1:FeLwcggjj3mMvU+oOTbSwawSJRM1uh48EjtB4UJZlP0=
golang.org/x/image v0.0.0-20200927104501-e162460cd6b5/go.mod h1:FeLwcggjj3mMvU+oOTbSwawSJRM1uh48EjtB4UJZlP0=
golang.org/x/sys v0.0.0-20220412211240-33da011f77ad h1:ntjMns5wyP/fN65tdBD4g8J5w8n015+iIIs9rtjXkY0=
golang.org/x/sys v0.0.0-20220412211240-33da011f77ad/go.mod h1:oPkhp1MJrh7nUepCBck5+mAzfO9JrbApNNgaTdGDITg=
golang.org/x/text v0.3.0/go.mod h1:NqM8EUOU14njkJ3fqMW+pc6Ldnwhi/IjpwHt7yyuwOQ=
gopkg.in/check.v1 v0.0.0-20161208181325-20d25e280405/go.mod h1:Co6ibVJAznAaIkqp8huTwlJQCZ016jof/cbN4VW5Yz0=
gopkg.in/yaml.v3 v3.0.1 h1:fxVm/GzAzEWqLHuvctI91KS9hhNmmWOoWu0XTYJS7CA=
gopkg.in/yaml.v3 v3.0.1/go.mod h1:K4uyk7z7BCEPqu6E+C64Yfv1cQ7kz7rIZviUmN+EgEM=
